
Microsoft Visual Studio Solution File, Format Version 12.00
# Visual Studio 15
VisualStudioVersion = 15.0.28307.489
MinimumVisualStudioVersion = 10.0.40219.1
Project("{8BC9CEB8-8B4A-11D0-8D11-00A0C91BC942}") = "QLSV", "QLSV\QLSV.vcxproj", "{C4103BC1-473E-49D5-9BAF-39E6F5D3F375}"
EndProject
Global
	GlobalSection(SolutionConfigurationPlatforms) = preSolution
		Debug|x64 = Debug|x64
		Debug|x86 = Debug|x86
		Release|x64 = Release|x64
		Release|x86 = Release|x86
	EndGlobalSection
	GlobalSection(ProjectConfigurationPlatforms) = postSolution
		{C4103BC1-473E-49D5-9BAF-39E6F5D3F375}.Debug|x64.ActiveCfg = Debug|x64
		{C4103BC1-473E-49D5-9BAF-39E6F5D3F375}.Debug|x64.Build.0 = Debug|x64
		{C4103BC1-473E-49D5-9BAF-39E6F5D3F375}.Debug|x86.ActiveCfg = Debug|Win32
		{C4103BC1-473E-49D5-9BAF-39E6F5D3F375}.Debug|x86.Build.0 = Debug|Win32
		{C4103BC1-473E-49D5-9BAF-39E6F5D3F375}.Release|x64.ActiveCfg = Release|x64
		{C4103BC1-473E-49D5-9BAF-39E6F5D3F375}.Release|x64.Build.0 = Release|x64
		{C4103BC1-473E-49D5-9BAF-39E6F5D3F375}.Release|x86.ActiveCfg = Release|Win32
		{C4103BC1-473E-49D5-9BAF-39E6F5D3F375}.Release|x86.Build.0 = Release|Win32
	EndGlobalSection
	GlobalSection(SolutionProperties) = preSolution
		HideSolutionNode = FALSE
	EndGlobalSection
	GlobalSection(ExtensibilityGlobals) = postSolution
		SolutionGuid = {B41DF07F-2BAB-4593-8EC2-FBB1AEF86903}
	EndGlobalSection
EndGlobal
